
Microsoft Visual Studio Solution File, Format Version 12.00
# Visual Studio 15
VisualStudioVersion = 15.0.28307.489
MinimumVisualStudioVersion = 10.0.40219.1
Project("{9A19103F-16F7-4668-BE54-9A1E7A4F7556}") = "OGCDiscoveryManager", "OGCDiscoveryManager\OGCDiscoveryManager.csproj", "{3A071FD2-9E03-461B-BD20-D36FB7298DC1}"
EndProject
Global
	GlobalSection(SolutionConfigurationPlatforms) = preSolution
		Debug|Any CPU = Debug|Any CPU
		Release|Any CPU = Release|Any CPU
	EndGlobalSection
	GlobalSection(ProjectConfigurationPlatforms) = postSolution
		{3A071FD2-9E03-461B-BD20-D36FB7298DC1}.Debug|Any CPU.ActiveCfg = Debug|Any CPU
		{3A071FD2-9E03-461B-BD20-D36FB7298DC1}.Debug|Any CPU.Build.0 = Debug|Any CPU
		{3A071FD2-9E03-461B-BD20-D36FB7298DC1}.Release|Any CPU.ActiveCfg = Release|Any CPU
		{3A071FD2-9E03-461B-BD20-D36FB7298DC1}.Release|Any CPU.Build.0 = Release|Any CPU
	EndGlobalSection
	GlobalSection(SolutionProperties) = preSolution
		HideSolutionNode = FALSE
	EndGlobalSection
	GlobalSection(ExtensibilityGlobals) = postSolution
		SolutionGuid = {AA0303E0-725D-4456-93B5-5B93CA974DF7}
	EndGlobalSection
EndGlobal
